
Microsoft Visual Studio Solution File, Format Version 12.00
# Visual Studio Version 17
VisualStudioVersion = 17.9.34723.18
MinimumVisualStudioVersion = 10.0.40219.1
Project("{FAE04EC0-301F-11D3-BF4B-00C04F79EFBC}") = "WindowsFormsAppCadastrarCliente", "WindowsFormsAppCadastrarCliente\WindowsFormsAppCadastrarCliente.csproj", "{B8104CC1-0598-4EBD-937F-8E2C0E2BE403}"
EndProject
Global
	GlobalSection(SolutionConfigurationPlatforms) = preSolution
		Debug|Any CPU = Debug|Any CPU
		Release|Any CPU = Release|Any CPU
	EndGlobalSection
	GlobalSection(ProjectConfigurationPlatforms) = postSolution
		{B8104CC1-0598-4EBD-937F-8E2C0E2BE403}.Debug|Any CPU.ActiveCfg = Debug|Any CPU
		{B8104CC1-0598-4EBD-937F-8E2C0E2BE403}.Debug|Any CPU.Build.0 = Debug|Any CPU
		{B8104CC1-0598-4EBD-937F-8E2C0E2BE403}.Release|Any CPU.ActiveCfg = Release|Any CPU
		{B8104CC1-0598-4EBD-937F-8E2C0E2BE403}.Release|Any CPU.Build.0 = Release|Any CPU
	EndGlobalSection
	GlobalSection(SolutionProperties) = preSolution
		HideSolutionNode = FALSE
	EndGlobalSection
	GlobalSection(ExtensibilityGlobals) = postSolution
		SolutionGuid = {FFC3FBD0-75DA-4A3F-812D-0FE8C4C905CD}
	EndGlobalSection
EndGlobal
